# THIS IS AN AUTOGENERATED FILE. DO NOT EDIT THIS FILE DIRECTLY.
# yarn lockfile v1


nodemailer@6.4.8:
  version "6.4.8"
  resolved "https://registry.yarnpkg.com/nodemailer/-/nodemailer-6.4.8.tgz#aca52886e4e56f71f6b8a65f5ca6b767ca751fc7"
  integrity sha512-UbJD0+g5e2H20bWv7Rpj3B+N3TMMJ0MLoLwaGVJ0k3Vo8upq0UltwHJ5BJfrpST1vFa91JQ8cf7cICK5DSIo1Q==
