# THIS IS AN AUTOGENERATED FILE. DO NOT EDIT THIS FILE DIRECTLY.
# yarn lockfile v1


nodemailer@6.7.5:
  version "6.7.5"
  resolved "https://registry.yarnpkg.com/nodemailer/-/nodemailer-6.7.5.tgz#b30b1566f5fa2249f7bd49ced4c58bec6b25915e"
  integrity sha512-6VtMpwhsrixq1HDYSBBHvW0GwiWawE75dS3oal48VqRhUvKJNnKnJo2RI/bCVQubj1vgrgscMNW4DHaD6xtMCg==
